{
  "name": "kr-humanizer",
  "version": "0.10.0",
  "lockfileVersion": 3,
  "requires": true,
  "packages": {
    "": {
      "name": "kr-humanizer",
      "version": "0.10.0",
      "license": "MIT",
      "bin": {
        "kr-humanizer": "bin/kr-humanizer.js"
      },
      "engines": {
        "node": ">=20"
      }
    }
  }
}
